
Microsoft Visual Studio Solution File, Format Version 11.00
# Visual Studio 2010
Project("{2150E333-8FDC-42A3-9474-1A3956D46DE8}") = "Solution Items", "Solution Items", "{46457E66-8544-4EEA-B28E-0358971AE1C2}"
	ProjectSection(SolutionItems) = preProject
		_Versions.txt = _Versions.txt
		Common\DevComponents.DotNetBar2.dll = Common\DevComponents.DotNetBar2.dll
		LICENSE = LICENSE
		NOTICE = NOTICE
		Common\OpenNETCF.Desktop.Communication.dll = Common\OpenNETCF.Desktop.Communication.dll
	EndProjectSection
EndProject
Project("{F184B08F-C81C-45F6-A57F-5ABD9991F28F}") = "DA", "DA\DA.vbproj", "{0D192DBA-7D58-46C3-8070-804D03A85C9F}"
EndProject
Project("{F184B08F-C81C-45F6-A57F-5ABD9991F28F}") = "UI", "UI\UI.vbproj", "{3A776A9C-CC80-4960-9BA4-F7763343515F}"
	ProjectSection(ProjectDependencies) = postProject
		{0D192DBA-7D58-46C3-8070-804D03A85C9F} = {0D192DBA-7D58-46C3-8070-804D03A85C9F}
		{6DACF2E1-A883-4AC9-ADCC-EA003625710C} = {6DACF2E1-A883-4AC9-ADCC-EA003625710C}
	EndProjectSection
EndProject
Project("{F184B08F-C81C-45F6-A57F-5ABD9991F28F}") = "BO", "BO\BO.vbproj", "{6DACF2E1-A883-4AC9-ADCC-EA003625710C}"
EndProject
Project("{F184B08F-C81C-45F6-A57F-5ABD9991F28F}") = "DataManager", "DataManager\DataManager.vbproj", "{A9D752DD-BA5D-4F80-9D43-D5FCFB4A327B}"
EndProject
Project("{F184B08F-C81C-45F6-A57F-5ABD9991F28F}") = "Generator", "Generator\Generator.vbproj", "{B0B4B128-95B8-4250-ACFB-FC5A0AD39358}"
EndProject
Global
	GlobalSection(SolutionConfigurationPlatforms) = preSolution
		Debug|Any CPU = Debug|Any CPU
		Release|Any CPU = Release|Any CPU
	EndGlobalSection
	GlobalSection(ProjectConfigurationPlatforms) = postSolution
		{0D192DBA-7D58-46C3-8070-804D03A85C9F}.Debug|Any CPU.ActiveCfg = Debug|Any CPU
		{0D192DBA-7D58-46C3-8070-804D03A85C9F}.Debug|Any CPU.Build.0 = Debug|Any CPU
		{0D192DBA-7D58-46C3-8070-804D03A85C9F}.Release|Any CPU.ActiveCfg = Release|Any CPU
		{0D192DBA-7D58-46C3-8070-804D03A85C9F}.Release|Any CPU.Build.0 = Release|Any CPU
		{3A776A9C-CC80-4960-9BA4-F7763343515F}.Debug|Any CPU.ActiveCfg = Debug|Any CPU
		{3A776A9C-CC80-4960-9BA4-F7763343515F}.Debug|Any CPU.Build.0 = Debug|Any CPU
		{3A776A9C-CC80-4960-9BA4-F7763343515F}.Release|Any CPU.ActiveCfg = Release|Any CPU
		{3A776A9C-CC80-4960-9BA4-F7763343515F}.Release|Any CPU.Build.0 = Release|Any CPU
		{6DACF2E1-A883-4AC9-ADCC-EA003625710C}.Debug|Any CPU.ActiveCfg = Debug|Any CPU
		{6DACF2E1-A883-4AC9-ADCC-EA003625710C}.Debug|Any CPU.Build.0 = Debug|Any CPU
		{6DACF2E1-A883-4AC9-ADCC-EA003625710C}.Release|Any CPU.ActiveCfg = Release|Any CPU
		{6DACF2E1-A883-4AC9-ADCC-EA003625710C}.Release|Any CPU.Build.0 = Release|Any CPU
		{A9D752DD-BA5D-4F80-9D43-D5FCFB4A327B}.Debug|Any CPU.ActiveCfg = Debug|Any CPU
		{A9D752DD-BA5D-4F80-9D43-D5FCFB4A327B}.Debug|Any CPU.Build.0 = Debug|Any CPU
		{A9D752DD-BA5D-4F80-9D43-D5FCFB4A327B}.Release|Any CPU.ActiveCfg = Release|Any CPU
		{A9D752DD-BA5D-4F80-9D43-D5FCFB4A327B}.Release|Any CPU.Build.0 = Release|Any CPU
		{B0B4B128-95B8-4250-ACFB-FC5A0AD39358}.Debug|Any CPU.ActiveCfg = Debug|Any CPU
		{B0B4B128-95B8-4250-ACFB-FC5A0AD39358}.Debug|Any CPU.Build.0 = Debug|Any CPU
		{B0B4B128-95B8-4250-ACFB-FC5A0AD39358}.Release|Any CPU.ActiveCfg = Release|Any CPU
		{B0B4B128-95B8-4250-ACFB-FC5A0AD39358}.Release|Any CPU.Build.0 = Release|Any CPU
	EndGlobalSection
	GlobalSection(SolutionProperties) = preSolution
		HideSolutionNode = FALSE
	EndGlobalSection
EndGlobal
